
Microsoft Visual Studio Solution File, Format Version 12.00
# Visual Studio Version 16
VisualStudioVersion = 16.0.31702.278
MinimumVisualStudioVersion = 10.0.40219.1
Project("{FAE04EC0-301F-11D3-BF4B-00C04F79EFBC}") = "Atso", "Atso.csproj", "{9B359C6B-6E84-432F-A9F2-81BCA022D63E}"
EndProject
Global
	GlobalSection(SolutionConfigurationPlatforms) = preSolution
		Debug|Any CPU = Debug|Any CPU
		Release|Any CPU = Release|Any CPU
	EndGlobalSection
	GlobalSection(ProjectConfigurationPlatforms) = postSolution
		{9B359C6B-6E84-432F-A9F2-81BCA022D63E}.Debug|Any CPU.ActiveCfg = Debug|Any CPU
		{9B359C6B-6E84-432F-A9F2-81BCA022D63E}.Debug|Any CPU.Build.0 = Debug|Any CPU
		{9B359C6B-6E84-432F-A9F2-81BCA022D63E}.Release|Any CPU.ActiveCfg = Release|Any CPU
		{9B359C6B-6E84-432F-A9F2-81BCA022D63E}.Release|Any CPU.Build.0 = Release|Any CPU
	EndGlobalSection
	GlobalSection(SolutionProperties) = preSolution
		HideSolutionNode = FALSE
	EndGlobalSection
	GlobalSection(ExtensibilityGlobals) = postSolution
		SolutionGuid = {69ACB73F-E784-40B1-8B76-8FEAA7486053}
	EndGlobalSection
EndGlobal
